
Microsoft Visual Studio Solution File, Format Version 12.00
# Visual Studio Version 16
VisualStudioVersion = 16.0.30204.135
MinimumVisualStudioVersion = 10.0.40219.1
Project("{9A19103F-16F7-4668-BE54-9A1E7A4F7556}") = "pokemon", "pokemon.csproj", "{A6382F97-F39C-4C64-9700-7952C5B67326}"
EndProject
Global
	GlobalSection(SolutionConfigurationPlatforms) = preSolution
		Debug|Any CPU = Debug|Any CPU
		Release|Any CPU = Release|Any CPU
	EndGlobalSection
	GlobalSection(ProjectConfigurationPlatforms) = postSolution
		{A6382F97-F39C-4C64-9700-7952C5B67326}.Debug|Any CPU.ActiveCfg = Debug|Any CPU
		{A6382F97-F39C-4C64-9700-7952C5B67326}.Debug|Any CPU.Build.0 = Debug|Any CPU
		{A6382F97-F39C-4C64-9700-7952C5B67326}.Release|Any CPU.ActiveCfg = Release|Any CPU
		{A6382F97-F39C-4C64-9700-7952C5B67326}.Release|Any CPU.Build.0 = Release|Any CPU
	EndGlobalSection
	GlobalSection(SolutionProperties) = preSolution
		HideSolutionNode = FALSE
	EndGlobalSection
	GlobalSection(ExtensibilityGlobals) = postSolution
		SolutionGuid = {4C388802-7D77-4060-9D80-62F4B21D676A}
	EndGlobalSection
EndGlobal
